{
  "version": 4,
  "terraform_version": "1.6.4",
  "serial": 1560,
  "lineage": "90c022af-b82d-36c4-b1fb-88e207eefdbc",
  "outputs": {},
  "resources": [
    {
      "module": "module.slurm_cluster",
      "mode": "managed",
      "type": "openstack_blockstorage_volume_v3",
      "name": "compute_bootable_volume",
      "provider": "provider[\"registry.terraform.io/terraform-provider-openstack/openstack\"]",
      "instances": [
        {
          "index_key": 0,
          "schema_version": 0,
          "attributes": {
            "attachment": [],
            "availability_zone": "nova",
            "consistency_group_id": null,
            "description": "",
            "enable_online_resize": null,
            "id": "218e1ea0-ceb4-438c-aaf6-2a99dd99ca81",
            "image_id": "b83723d6-13a0-4a9e-9e91-ca85ce10cfef",
            "metadata": {},
            "multiattach": null,
            "name": "slurm-compute-bootable-volume-1",
            "region": "RegionOne",
            "scheduler_hints": [],
            "size": 20,
            "snapshot_id": "",
            "source_replica": null,
            "source_vol_id": "",
            "timeouts": null,
            "volume_type": "ceph"
          },
          "sensitive_attributes": [],
          "private": "eyJlMmJmYjczMC1lY2FhLTExZTYtOGY4OC0zNDM2M2JjN2M0YzAiOnsiY3JlYXRlIjo2MDAwMDAwMDAwMDAsImRlbGV0ZSI6NjAwMDAwMDAwMDAwfX0="
        }
      ]
    },
    {
      "module": "module.slurm_cluster",
      "mode": "managed",
      "type": "openstack_blockstorage_volume_v3",
      "name": "grafana_bootable_volume",
      "provider": "provider[\"registry.terraform.io/terraform-provider-openstack/openstack\"]",
      "instances": [
        {
          "schema_version": 0,
          "attributes": {
            "attachment": [],
            "availability_zone": "nova",
            "consistency_group_id": null,
            "description": "",
            "enable_online_resize": null,
            "id": "19cbdbdc-ed5a-4b44-bb16-0144dc5fd95f",
            "image_id": "b83723d6-13a0-4a9e-9e91-ca85ce10cfef",
            "metadata": {},
            "multiattach": null,
            "name": "prometheus-compute-bootable-volume",
            "region": "RegionOne",
            "scheduler_hints": [],
            "size": 20,
            "snapshot_id": "",
            "source_replica": null,
            "source_vol_id": "",
            "timeouts": null,
            "volume_type": "ceph"
          },
          "sensitive_attributes": [],
          "private": "eyJlMmJmYjczMC1lY2FhLTExZTYtOGY4OC0zNDM2M2JjN2M0YzAiOnsiY3JlYXRlIjo2MDAwMDAwMDAwMDAsImRlbGV0ZSI6NjAwMDAwMDAwMDAwfX0="
        }
      ]
    },
    {
      "module": "module.slurm_cluster",
      "mode": "managed",
      "type": "openstack_blockstorage_volume_v3",
      "name": "nfs-ceph",
      "provider": "provider[\"registry.terraform.io/terraform-provider-openstack/openstack\"]",
      "instances": [
        {
          "schema_version": 0,
          "attributes": {
            "attachment": [],
            "availability_zone": "nova",
            "consistency_group_id": null,
            "description": "",
            "enable_online_resize": null,
            "id": "ef1ccf7c-7ed2-4905-bffe-f431e24ada58",
            "image_id": null,
            "metadata": {},
            "multiattach": null,
            "name": "nfs-ceph",
            "region": "RegionOne",
            "scheduler_hints": [],
            "size": 100,
            "snapshot_id": "",
            "source_replica": null,
            "source_vol_id": "",
            "timeouts": null,
            "volume_type": "ceph"
          },
          "sensitive_attributes": [],
          "private": "eyJlMmJmYjczMC1lY2FhLTExZTYtOGY4OC0zNDM2M2JjN2M0YzAiOnsiY3JlYXRlIjo2MDAwMDAwMDAwMDAsImRlbGV0ZSI6NjAwMDAwMDAwMDAwfX0="
        }
      ]
    },
    {
      "module": "module.slurm_cluster",
      "mode": "managed",
      "type": "openstack_compute_instance_v2",
      "name": "grafana",
      "provider": "provider[\"registry.terraform.io/terraform-provider-openstack/openstack\"]",
      "instances": [
        {
          "schema_version": 0,
          "attributes": {
            "access_ip_v4": "192.168.1.31",
            "access_ip_v6": "",
            "admin_pass": null,
            "all_metadata": {},
            "all_tags": [],
            "availability_zone": "nova",
            "availability_zone_hints": null,
            "block_device": [
              {
                "boot_index": 0,
                "delete_on_termination": true,
                "destination_type": "volume",
                "device_type": "",
                "disk_bus": "",
                "guest_format": "",
                "source_type": "volume",
                "uuid": "19cbdbdc-ed5a-4b44-bb16-0144dc5fd95f",
                "volume_size": 0,
                "volume_type": ""
              }
            ],
            "config_drive": null,
            "created": "2024-01-05 09:52:45 +0000 UTC",
            "flavor_id": "6c315b7a-86fc-4e53-987a-529769db992d",
            "flavor_name": "lrz.tiny",
            "floating_ip": null,
            "force_delete": false,
            "id": "156e3b90-80bd-4bfa-970e-dd18085fc7d8",
            "image_id": "Attempt to boot from volume - no image supplied",
            "image_name": null,
            "key_pair": "Drew",
            "metadata": null,
            "name": "grafana",
            "network": [
              {
                "access_network": false,
                "fixed_ip_v4": "192.168.1.31",
                "fixed_ip_v6": "",
                "floating_ip": "",
                "mac": "fa:16:3e:5d:ad:45",
                "name": "MWN",
                "port": "",
                "uuid": "3f1c6c34-2be9-44b3-9f21-c3e031ab8e5c"
              },
              {
                "access_network": false,
                "fixed_ip_v4": "192.168.155.15",
                "fixed_ip_v6": "",
                "floating_ip": "",
                "mac": "fa:16:3e:e4:6e:7d",
                "name": "slurm_cluster_net",
                "port": "",
                "uuid": "11ecd2c0-3683-481c-8065-5eafe2c565e1"
              }
            ],
            "network_mode": null,
            "personality": [],
            "power_state": "active",
            "region": "RegionOne",
            "scheduler_hints": [],
            "security_groups": [
              "external_access",
              "grafana",
              "prometheus_node_exporter",
              "slurm_compute"
            ],
            "stop_before_destroy": false,
            "tags": null,
            "timeouts": null,
            "updated": "2024-01-05 09:53:40 +0000 UTC",
            "user_data": null,
            "vendor_options": [],
            "volume": []
          },
          "sensitive_attributes": [],
          "private": "eyJlMmJmYjczMC1lY2FhLTExZTYtOGY4OC0zNDM2M2JjN2M0YzAiOnsiY3JlYXRlIjoxODAwMDAwMDAwMDAwLCJkZWxldGUiOjE4MDAwMDAwMDAwMDAsInVwZGF0ZSI6MTgwMDAwMDAwMDAwMH19",
          "dependencies": [
            "module.slurm_cluster.openstack_blockstorage_volume_v3.grafana_bootable_volume",
            "module.slurm_cluster.openstack_networking_network_v2.slurm_net",
            "module.slurm_cluster.openstack_networking_secgroup_v2.external_access",
            "module.slurm_cluster.openstack_networking_secgroup_v2.grafana",
            "module.slurm_cluster.openstack_networking_secgroup_v2.prometheus_node_exporter",
            "module.slurm_cluster.openstack_networking_secgroup_v2.slurm_compute",
            "module.slurm_cluster.openstack_networking_subnet_v2.slurm_subnet"
          ]
        }
      ]
    },
    {
      "module": "module.slurm_cluster",
      "mode": "managed",
      "type": "openstack_compute_instance_v2",
      "name": "terraform-slurm-compute",
      "provider": "provider[\"registry.terraform.io/terraform-provider-openstack/openstack\"]",
      "instances": [
        {
          "index_key": 0,
          "schema_version": 0,
          "attributes": {
            "access_ip_v4": "192.168.3.121",
            "access_ip_v6": "",
            "admin_pass": null,
            "all_metadata": {},
            "all_tags": [],
            "availability_zone": "nova",
            "availability_zone_hints": null,
            "block_device": [
              {
                "boot_index": 0,
                "delete_on_termination": true,
                "destination_type": "volume",
                "device_type": "",
                "disk_bus": "",
                "guest_format": "",
                "source_type": "volume",
                "uuid": "218e1ea0-ceb4-438c-aaf6-2a99dd99ca81",
                "volume_size": 0,
                "volume_type": ""
              }
            ],
            "config_drive": null,
            "created": "2024-01-05 09:52:44 +0000 UTC",
            "flavor_id": "6186e4c3-3f02-4ecf-bf68-2088ad10d11b",
            "flavor_name": "lrz.medium",
            "floating_ip": null,
            "force_delete": false,
            "id": "fff655e3-0e8d-429b-baa0-8d70ba04d5d5",
            "image_id": "Attempt to boot from volume - no image supplied",
            "image_name": null,
            "key_pair": "Drew",
            "metadata": null,
            "name": "slurm-compute-1",
            "network": [
              {
                "access_network": false,
                "fixed_ip_v4": "192.168.3.121",
                "fixed_ip_v6": "",
                "floating_ip": "",
                "mac": "fa:16:3e:b5:3e:84",
                "name": "MWN",
                "port": "",
                "uuid": "3f1c6c34-2be9-44b3-9f21-c3e031ab8e5c"
              },
              {
                "access_network": false,
                "fixed_ip_v4": "192.168.155.9",
                "fixed_ip_v6": "",
                "floating_ip": "",
                "mac": "fa:16:3e:f1:df:87",
                "name": "slurm_cluster_net",
                "port": "",
                "uuid": "11ecd2c0-3683-481c-8065-5eafe2c565e1"
              }
            ],
            "network_mode": null,
            "personality": [],
            "power_state": "active",
            "region": "RegionOne",
            "scheduler_hints": [],
            "security_groups": [
              "beegfs",
              "external_access",
              "prometheus_node_exporter",
              "slurm_compute"
            ],
            "stop_before_destroy": false,
            "tags": null,
            "timeouts": null,
            "updated": "2024-01-05 09:53:54 +0000 UTC",
            "user_data": null,
            "vendor_options": [],
            "volume": []
          },
          "sensitive_attributes": [],
          "private": "eyJlMmJmYjczMC1lY2FhLTExZTYtOGY4OC0zNDM2M2JjN2M0YzAiOnsiY3JlYXRlIjoxODAwMDAwMDAwMDAwLCJkZWxldGUiOjE4MDAwMDAwMDAwMDAsInVwZGF0ZSI6MTgwMDAwMDAwMDAwMH19",
          "dependencies": [
            "module.slurm_cluster.openstack_blockstorage_volume_v3.compute_bootable_volume",
            "module.slurm_cluster.openstack_networking_network_v2.slurm_net",
            "module.slurm_cluster.openstack_networking_secgroup_v2.beegfs",
            "module.slurm_cluster.openstack_networking_secgroup_v2.external_access",
            "module.slurm_cluster.openstack_networking_secgroup_v2.prometheus_node_exporter",
            "module.slurm_cluster.openstack_networking_secgroup_v2.slurm_compute",
            "module.slurm_cluster.openstack_networking_subnet_v2.slurm_subnet"
          ]
        }
      ]
    },
    {
      "module": "module.slurm_cluster",
      "mode": "managed",
      "type": "openstack_networking_network_v2",
      "name": "slurm_net",
      "provider": "provider[\"registry.terraform.io/terraform-provider-openstack/openstack\"]",
      "instances": [
        {
          "schema_version": 0,
          "attributes": {
            "admin_state_up": true,
            "all_tags": [],
            "availability_zone_hints": [],
            "description": "",
            "dns_domain": "",
            "external": false,
            "id": "11ecd2c0-3683-481c-8065-5eafe2c565e1",
            "mtu": 1500,
            "name": "slurm_cluster_net",
            "port_security_enabled": true,
            "qos_policy_id": "",
            "region": "RegionOne",
            "segments": [],
            "shared": false,
            "tags": null,
            "tenant_id": "4917ed86ffbf4982a05319326f1885f5",
            "timeouts": null,
            "transparent_vlan": false,
            "value_specs": null
          },
          "sensitive_attributes": [],
          "private": "eyJlMmJmYjczMC1lY2FhLTExZTYtOGY4OC0zNDM2M2JjN2M0YzAiOnsiY3JlYXRlIjo2MDAwMDAwMDAwMDAsImRlbGV0ZSI6NjAwMDAwMDAwMDAwfX0="
        }
      ]
    },
    {
      "module": "module.slurm_cluster",
      "mode": "managed",
      "type": "openstack_networking_secgroup_rule_v2",
      "name": "beegfs_client_ipv4_rule",
      "provider": "provider[\"registry.terraform.io/terraform-provider-openstack/openstack\"]",
      "instances": [
        {
          "schema_version": 0,
          "attributes": {
            "description": "",
            "direction": "ingress",
            "ethertype": "IPv4",
            "id": "e9a88981-8e69-463a-83b4-78d4dd248413",
            "port_range_max": 8004,
            "port_range_min": 8004,
            "protocol": "tcp",
            "region": "RegionOne",
            "remote_group_id": "",
            "remote_ip_prefix": "0.0.0.0/0",
            "security_group_id": "5261765b-d439-40a7-9ae9-da6626054445",
            "tenant_id": "4917ed86ffbf4982a05319326f1885f5",
            "timeouts": null
          },
          "sensitive_attributes": [],
          "private": "eyJlMmJmYjczMC1lY2FhLTExZTYtOGY4OC0zNDM2M2JjN2M0YzAiOnsiZGVsZXRlIjo2MDAwMDAwMDAwMDB9fQ==",
          "dependencies": [
            "module.slurm_cluster.openstack_networking_secgroup_v2.beegfs"
          ]
        }
      ]
    },
    {
      "module": "module.slurm_cluster",
      "mode": "managed",
      "type": "openstack_networking_secgroup_rule_v2",
      "name": "beegfs_helperd_ipv4_rule",
      "provider": "provider[\"registry.terraform.io/terraform-provider-openstack/openstack\"]",
      "instances": [
        {
          "schema_version": 0,
          "attributes": {
            "description": "",
            "direction": "ingress",
            "ethertype": "IPv4",
            "id": "0ca23014-cc3a-4543-a756-fdbf63eaf129",
            "port_range_max": 8006,
            "port_range_min": 8006,
            "protocol": "tcp",
            "region": "RegionOne",
            "remote_group_id": "",
            "remote_ip_prefix": "0.0.0.0/0",
            "security_group_id": "5261765b-d439-40a7-9ae9-da6626054445",
            "tenant_id": "4917ed86ffbf4982a05319326f1885f5",
            "timeouts": null
          },
          "sensitive_attributes": [],
          "private": "eyJlMmJmYjczMC1lY2FhLTExZTYtOGY4OC0zNDM2M2JjN2M0YzAiOnsiZGVsZXRlIjo2MDAwMDAwMDAwMDB9fQ==",
          "dependencies": [
            "module.slurm_cluster.openstack_networking_secgroup_v2.beegfs"
          ]
        }
      ]
    },
    {
      "module": "module.slurm_cluster",
      "mode": "managed",
      "type": "openstack_networking_secgroup_rule_v2",
      "name": "beegfs_meta_ipv4_rule",
      "provider": "provider[\"registry.terraform.io/terraform-provider-openstack/openstack\"]",
      "instances": [
        {
          "schema_version": 0,
          "attributes": {
            "description": "",
            "direction": "ingress",
            "ethertype": "IPv4",
            "id": "a035408d-31ae-404f-83c0-a6ab4c6f2244",
            "port_range_max": 8005,
            "port_range_min": 8005,
            "protocol": "tcp",
            "region": "RegionOne",
            "remote_group_id": "",
            "remote_ip_prefix": "0.0.0.0/0",
            "security_group_id": "5261765b-d439-40a7-9ae9-da6626054445",
            "tenant_id": "4917ed86ffbf4982a05319326f1885f5",
            "timeouts": null
          },
          "sensitive_attributes": [],
          "private": "eyJlMmJmYjczMC1lY2FhLTExZTYtOGY4OC0zNDM2M2JjN2M0YzAiOnsiZGVsZXRlIjo2MDAwMDAwMDAwMDB9fQ==",
          "dependencies": [
            "module.slurm_cluster.openstack_networking_secgroup_v2.beegfs"
          ]
        }
      ]
    },
    {
      "module": "module.slurm_cluster",
      "mode": "managed",
      "type": "openstack_networking_secgroup_rule_v2",
      "name": "beegfs_mgmt_ipv4_rule",
      "provider": "provider[\"registry.terraform.io/terraform-provider-openstack/openstack\"]",
      "instances": [
        {
          "schema_version": 0,
          "attributes": {
            "description": "",
            "direction": "ingress",
            "ethertype": "IPv4",
            "id": "43053b46-c677-4758-af00-527ecf62bc08",
            "port_range_max": 8008,
            "port_range_min": 8008,
            "protocol": "tcp",
            "region": "RegionOne",
            "remote_group_id": "",
            "remote_ip_prefix": "0.0.0.0/0",
            "security_group_id": "5261765b-d439-40a7-9ae9-da6626054445",
            "tenant_id": "4917ed86ffbf4982a05319326f1885f5",
            "timeouts": null
          },
          "sensitive_attributes": [],
          "private": "eyJlMmJmYjczMC1lY2FhLTExZTYtOGY4OC0zNDM2M2JjN2M0YzAiOnsiZGVsZXRlIjo2MDAwMDAwMDAwMDB9fQ==",
          "dependencies": [
            "module.slurm_cluster.openstack_networking_secgroup_v2.beegfs"
          ]
        }
      ]
    },
    {
      "module": "module.slurm_cluster",
      "mode": "managed",
      "type": "openstack_networking_secgroup_rule_v2",
      "name": "beegfs_storage_ipv4_rule",
      "provider": "provider[\"registry.terraform.io/terraform-provider-openstack/openstack\"]",
      "instances": [
        {
          "schema_version": 0,
          "attributes": {
            "description": "",
            "direction": "ingress",
            "ethertype": "IPv4",
            "id": "99b4f029-0434-4278-bb0c-fe08de5190b5",
            "port_range_max": 8003,
            "port_range_min": 8003,
            "protocol": "tcp",
            "region": "RegionOne",
            "remote_group_id": "",
            "remote_ip_prefix": "0.0.0.0/0",
            "security_group_id": "5261765b-d439-40a7-9ae9-da6626054445",
            "tenant_id": "4917ed86ffbf4982a05319326f1885f5",
            "timeouts": null
          },
          "sensitive_attributes": [],
          "private": "eyJlMmJmYjczMC1lY2FhLTExZTYtOGY4OC0zNDM2M2JjN2M0YzAiOnsiZGVsZXRlIjo2MDAwMDAwMDAwMDB9fQ==",
          "dependencies": [
            "module.slurm_cluster.openstack_networking_secgroup_v2.beegfs"
          ]
        }
      ]
    },
    {
      "module": "module.slurm_cluster",
      "mode": "managed",
      "type": "openstack_networking_secgroup_rule_v2",
      "name": "grafana_ipv4_ingress_rule",
      "provider": "provider[\"registry.terraform.io/terraform-provider-openstack/openstack\"]",
      "instances": [
        {
          "schema_version": 0,
          "attributes": {
            "description": "",
            "direction": "ingress",
            "ethertype": "IPv4",
            "id": "deb3ca80-3f74-4f1b-95f3-ee9025d743f6",
            "port_range_max": 3000,
            "port_range_min": 3000,
            "protocol": "tcp",
            "region": "RegionOne",
            "remote_group_id": "",
            "remote_ip_prefix": "0.0.0.0/0",
            "security_group_id": "04644fe0-8a6a-4e06-bfa8-5a72a22a62df",
            "tenant_id": "4917ed86ffbf4982a05319326f1885f5",
            "timeouts": null
          },
          "sensitive_attributes": [],
          "private": "eyJlMmJmYjczMC1lY2FhLTExZTYtOGY4OC0zNDM2M2JjN2M0YzAiOnsiZGVsZXRlIjo2MDAwMDAwMDAwMDB9fQ==",
          "dependencies": [
            "module.slurm_cluster.openstack_networking_secgroup_v2.grafana"
          ]
        }
      ]
    },
    {
      "module": "module.slurm_cluster",
      "mode": "managed",
      "type": "openstack_networking_secgroup_rule_v2",
      "name": "grafana_ipv6_ingress_rule",
      "provider": "provider[\"registry.terraform.io/terraform-provider-openstack/openstack\"]",
      "instances": [
        {
          "schema_version": 0,
          "attributes": {
            "description": "",
            "direction": "ingress",
            "ethertype": "IPv6",
            "id": "7f933569-3501-4ea5-8480-d3b69549ef0c",
            "port_range_max": 3000,
            "port_range_min": 3000,
            "protocol": "tcp",
            "region": "RegionOne",
            "remote_group_id": "",
            "remote_ip_prefix": "::/0",
            "security_group_id": "04644fe0-8a6a-4e06-bfa8-5a72a22a62df",
            "tenant_id": "4917ed86ffbf4982a05319326f1885f5",
            "timeouts": null
          },
          "sensitive_attributes": [],
          "private": "eyJlMmJmYjczMC1lY2FhLTExZTYtOGY4OC0zNDM2M2JjN2M0YzAiOnsiZGVsZXRlIjo2MDAwMDAwMDAwMDB9fQ==",
          "dependencies": [
            "module.slurm_cluster.openstack_networking_secgroup_v2.grafana"
          ]
        }
      ]
    },
    {
      "module": "module.slurm_cluster",
      "mode": "managed",
      "type": "openstack_networking_secgroup_rule_v2",
      "name": "ipv4_egress_rule",
      "provider": "provider[\"registry.terraform.io/terraform-provider-openstack/openstack\"]",
      "instances": [
        {
          "schema_version": 0,
          "attributes": {
            "description": "",
            "direction": "egress",
            "ethertype": "IPv4",
            "id": "c9743ac5-b1a0-4c66-a257-88803d01867d",
            "port_range_max": 65535,
            "port_range_min": 1,
            "protocol": "tcp",
            "region": "RegionOne",
            "remote_group_id": "",
            "remote_ip_prefix": "0.0.0.0/0",
            "security_group_id": "9ffc89b4-a832-4156-a441-e1e9bab3b0e8",
            "tenant_id": "4917ed86ffbf4982a05319326f1885f5",
            "timeouts": null
          },
          "sensitive_attributes": [],
          "private": "eyJlMmJmYjczMC1lY2FhLTExZTYtOGY4OC0zNDM2M2JjN2M0YzAiOnsiZGVsZXRlIjo2MDAwMDAwMDAwMDB9fQ==",
          "dependencies": [
            "module.slurm_cluster.openstack_networking_secgroup_v2.external_access"
          ]
        }
      ]
    },
    {
      "module": "module.slurm_cluster",
      "mode": "managed",
      "type": "openstack_networking_secgroup_rule_v2",
      "name": "ipv4_ingress_rule",
      "provider": "provider[\"registry.terraform.io/terraform-provider-openstack/openstack\"]",
      "instances": [
        {
          "schema_version": 0,
          "attributes": {
            "description": "",
            "direction": "ingress",
            "ethertype": "IPv4",
            "id": "2537e718-d904-43a9-95fe-8a41b2ea7292",
            "port_range_max": 22,
            "port_range_min": 22,
            "protocol": "tcp",
            "region": "RegionOne",
            "remote_group_id": "",
            "remote_ip_prefix": "0.0.0.0/0",
            "security_group_id": "9ffc89b4-a832-4156-a441-e1e9bab3b0e8",
            "tenant_id": "4917ed86ffbf4982a05319326f1885f5",
            "timeouts": null
          },
          "sensitive_attributes": [],
          "private": "eyJlMmJmYjczMC1lY2FhLTExZTYtOGY4OC0zNDM2M2JjN2M0YzAiOnsiZGVsZXRlIjo2MDAwMDAwMDAwMDB9fQ==",
          "dependencies": [
            "module.slurm_cluster.openstack_networking_secgroup_v2.external_access"
          ]
        }
      ]
    },
    {
      "module": "module.slurm_cluster",
      "mode": "managed",
      "type": "openstack_networking_secgroup_rule_v2",
      "name": "ipv6_egress_rule",
      "provider": "provider[\"registry.terraform.io/terraform-provider-openstack/openstack\"]",
      "instances": [
        {
          "schema_version": 0,
          "attributes": {
            "description": "",
            "direction": "egress",
            "ethertype": "IPv6",
            "id": "6e170e88-5866-4227-ab6c-45d02e8c8877",
            "port_range_max": 65535,
            "port_range_min": 1,
            "protocol": "tcp",
            "region": "RegionOne",
            "remote_group_id": "",
            "remote_ip_prefix": "::/0",
            "security_group_id": "9ffc89b4-a832-4156-a441-e1e9bab3b0e8",
            "tenant_id": "4917ed86ffbf4982a05319326f1885f5",
            "timeouts": null
          },
          "sensitive_attributes": [],
          "private": "eyJlMmJmYjczMC1lY2FhLTExZTYtOGY4OC0zNDM2M2JjN2M0YzAiOnsiZGVsZXRlIjo2MDAwMDAwMDAwMDB9fQ==",
          "dependencies": [
            "module.slurm_cluster.openstack_networking_secgroup_v2.external_access"
          ]
        }
      ]
    },
    {
      "module": "module.slurm_cluster",
      "mode": "managed",
      "type": "openstack_networking_secgroup_rule_v2",
      "name": "ipv6_ingress_rule",
      "provider": "provider[\"registry.terraform.io/terraform-provider-openstack/openstack\"]",
      "instances": [
        {
          "schema_version": 0,
          "attributes": {
            "description": "",
            "direction": "ingress",
            "ethertype": "IPv6",
            "id": "371e5ebd-3ad8-424c-abc0-f6cf2b0bbdcb",
            "port_range_max": 22,
            "port_range_min": 22,
            "protocol": "tcp",
            "region": "RegionOne",
            "remote_group_id": "",
            "remote_ip_prefix": "::/0",
            "security_group_id": "9ffc89b4-a832-4156-a441-e1e9bab3b0e8",
            "tenant_id": "4917ed86ffbf4982a05319326f1885f5",
            "timeouts": null
          },
          "sensitive_attributes": [],
          "private": "eyJlMmJmYjczMC1lY2FhLTExZTYtOGY4OC0zNDM2M2JjN2M0YzAiOnsiZGVsZXRlIjo2MDAwMDAwMDAwMDB9fQ==",
          "dependencies": [
            "module.slurm_cluster.openstack_networking_secgroup_v2.external_access"
          ]
        }
      ]
    },
    {
      "module": "module.slurm_cluster",
      "mode": "managed",
      "type": "openstack_networking_secgroup_rule_v2",
      "name": "nginx_ipv4_http_rule",
      "provider": "provider[\"registry.terraform.io/terraform-provider-openstack/openstack\"]",
      "instances": [
        {
          "schema_version": 0,
          "attributes": {
            "description": "",
            "direction": "ingress",
            "ethertype": "IPv4",
            "id": "05661c7b-e363-4971-a820-4ead92e013c8",
            "port_range_max": 80,
            "port_range_min": 80,
            "protocol": "tcp",
            "region": "RegionOne",
            "remote_group_id": "",
            "remote_ip_prefix": "0.0.0.0/0",
            "security_group_id": "bcf1e66d-d519-4e0b-94cf-f51d4b0ac609",
            "tenant_id": "4917ed86ffbf4982a05319326f1885f5",
            "timeouts": null
          },
          "sensitive_attributes": [],
          "private": "eyJlMmJmYjczMC1lY2FhLTExZTYtOGY4OC0zNDM2M2JjN2M0YzAiOnsiZGVsZXRlIjo2MDAwMDAwMDAwMDB9fQ==",
          "dependencies": [
            "module.slurm_cluster.openstack_networking_secgroup_v2.nginx"
          ]
        }
      ]
    },
    {
      "module": "module.slurm_cluster",
      "mode": "managed",
      "type": "openstack_networking_secgroup_rule_v2",
      "name": "nginx_ipv4_https_ingress_rule",
      "provider": "provider[\"registry.terraform.io/terraform-provider-openstack/openstack\"]",
      "instances": [
        {
          "schema_version": 0,
          "attributes": {
            "description": "",
            "direction": "ingress",
            "ethertype": "IPv4",
            "id": "2e539494-fb2e-46a8-be0c-c2cd77426ff0",
            "port_range_max": 443,
            "port_range_min": 443,
            "protocol": "tcp",
            "region": "RegionOne",
            "remote_group_id": "",
            "remote_ip_prefix": "0.0.0.0/0",
            "security_group_id": "bcf1e66d-d519-4e0b-94cf-f51d4b0ac609",
            "tenant_id": "4917ed86ffbf4982a05319326f1885f5",
            "timeouts": null
          },
          "sensitive_attributes": [],
          "private": "eyJlMmJmYjczMC1lY2FhLTExZTYtOGY4OC0zNDM2M2JjN2M0YzAiOnsiZGVsZXRlIjo2MDAwMDAwMDAwMDB9fQ==",
          "dependencies": [
            "module.slurm_cluster.openstack_networking_secgroup_v2.nginx"
          ]
        }
      ]
    },
    {
      "module": "module.slurm_cluster",
      "mode": "managed",
      "type": "openstack_networking_secgroup_rule_v2",
      "name": "nginx_ipv6_http_rule",
      "provider": "provider[\"registry.terraform.io/terraform-provider-openstack/openstack\"]",
      "instances": [
        {
          "schema_version": 0,
          "attributes": {
            "description": "",
            "direction": "ingress",
            "ethertype": "IPv6",
            "id": "efc0d44d-5f35-4e35-9bbc-36565961fd7f",
            "port_range_max": 80,
            "port_range_min": 80,
            "protocol": "tcp",
            "region": "RegionOne",
            "remote_group_id": "",
            "remote_ip_prefix": "::/0",
            "security_group_id": "bcf1e66d-d519-4e0b-94cf-f51d4b0ac609",
            "tenant_id": "4917ed86ffbf4982a05319326f1885f5",
            "timeouts": null
          },
          "sensitive_attributes": [],
          "private": "eyJlMmJmYjczMC1lY2FhLTExZTYtOGY4OC0zNDM2M2JjN2M0YzAiOnsiZGVsZXRlIjo2MDAwMDAwMDAwMDB9fQ==",
          "dependencies": [
            "module.slurm_cluster.openstack_networking_secgroup_v2.nginx"
          ]
        }
      ]
    },
    {
      "module": "module.slurm_cluster",
      "mode": "managed",
      "type": "openstack_networking_secgroup_rule_v2",
      "name": "nginx_ipv6_https_ingress_rule",
      "provider": "provider[\"registry.terraform.io/terraform-provider-openstack/openstack\"]",
      "instances": [
        {
          "schema_version": 0,
          "attributes": {
            "description": "",
            "direction": "ingress",
            "ethertype": "IPv6",
            "id": "253e384d-cdb6-45e3-94b1-5ada61b42ffa",
            "port_range_max": 443,
            "port_range_min": 443,
            "protocol": "tcp",
            "region": "RegionOne",
            "remote_group_id": "",
            "remote_ip_prefix": "::/0",
            "security_group_id": "bcf1e66d-d519-4e0b-94cf-f51d4b0ac609",
            "tenant_id": "4917ed86ffbf4982a05319326f1885f5",
            "timeouts": null
          },
          "sensitive_attributes": [],
          "private": "eyJlMmJmYjczMC1lY2FhLTExZTYtOGY4OC0zNDM2M2JjN2M0YzAiOnsiZGVsZXRlIjo2MDAwMDAwMDAwMDB9fQ==",
          "dependencies": [
            "module.slurm_cluster.openstack_networking_secgroup_v2.nginx"
          ]
        }
      ]
    },
    {
      "module": "module.slurm_cluster",
      "mode": "managed",
      "type": "openstack_networking_secgroup_rule_v2",
      "name": "prometheus_ipv4_rule",
      "provider": "provider[\"registry.terraform.io/terraform-provider-openstack/openstack\"]",
      "instances": [
        {
          "schema_version": 0,
          "attributes": {
            "description": "",
            "direction": "ingress",
            "ethertype": "IPv4",
            "id": "1ee07244-7ff5-4462-a346-c0517cf4ecbd",
            "port_range_max": 9090,
            "port_range_min": 9090,
            "protocol": "tcp",
            "region": "RegionOne",
            "remote_group_id": "",
            "remote_ip_prefix": "",
            "security_group_id": "84deb59d-6582-470f-9e91-99dcd4906729",
            "tenant_id": "4917ed86ffbf4982a05319326f1885f5",
            "timeouts": null
          },
          "sensitive_attributes": [],
          "private": "eyJlMmJmYjczMC1lY2FhLTExZTYtOGY4OC0zNDM2M2JjN2M0YzAiOnsiZGVsZXRlIjo2MDAwMDAwMDAwMDB9fQ==",
          "dependencies": [
            "module.slurm_cluster.openstack_networking_secgroup_v2.prometheus"
          ]
        }
      ]
    },
    {
      "module": "module.slurm_cluster",
      "mode": "managed",
      "type": "openstack_networking_secgroup_rule_v2",
      "name": "prometheus_ipv6_rule",
      "provider": "provider[\"registry.terraform.io/terraform-provider-openstack/openstack\"]",
      "instances": [
        {
          "schema_version": 0,
          "attributes": {
            "description": "",
            "direction": "ingress",
            "ethertype": "IPv6",
            "id": "af64729d-21ba-4ecc-a3b5-156e98ade50a",
            "port_range_max": 9090,
            "port_range_min": 9090,
            "protocol": "tcp",
            "region": "RegionOne",
            "remote_group_id": "",
            "remote_ip_prefix": "",
            "security_group_id": "84deb59d-6582-470f-9e91-99dcd4906729",
            "tenant_id": "4917ed86ffbf4982a05319326f1885f5",
            "timeouts": null
          },
          "sensitive_attributes": [],
          "private": "eyJlMmJmYjczMC1lY2FhLTExZTYtOGY4OC0zNDM2M2JjN2M0YzAiOnsiZGVsZXRlIjo2MDAwMDAwMDAwMDB9fQ==",
          "dependencies": [
            "module.slurm_cluster.openstack_networking_secgroup_v2.prometheus"
          ]
        }
      ]
    },
    {
      "module": "module.slurm_cluster",
      "mode": "managed",
      "type": "openstack_networking_secgroup_rule_v2",
      "name": "prometheus_node_exporter_ipv4_rule",
      "provider": "provider[\"registry.terraform.io/terraform-provider-openstack/openstack\"]",
      "instances": [
        {
          "schema_version": 0,
          "attributes": {
            "description": "",
            "direction": "ingress",
            "ethertype": "IPv4",
            "id": "d07d4be0-316e-469a-bd7f-36015dd19b03",
            "port_range_max": 9100,
            "port_range_min": 9100,
            "protocol": "tcp",
            "region": "RegionOne",
            "remote_group_id": "",
            "remote_ip_prefix": "0.0.0.0/0",
            "security_group_id": "c3193537-22c2-47ef-9392-efd28a1f2581",
            "tenant_id": "4917ed86ffbf4982a05319326f1885f5",
            "timeouts": null
          },
          "sensitive_attributes": [],
          "private": "eyJlMmJmYjczMC1lY2FhLTExZTYtOGY4OC0zNDM2M2JjN2M0YzAiOnsiZGVsZXRlIjo2MDAwMDAwMDAwMDB9fQ==",
          "dependencies": [
            "module.slurm_cluster.openstack_networking_secgroup_v2.prometheus_node_exporter"
          ]
        }
      ]
    },
    {
      "module": "module.slurm_cluster",
      "mode": "managed",
      "type": "openstack_networking_secgroup_rule_v2",
      "name": "prometheus_node_exporter_ipv6_rule",
      "provider": "provider[\"registry.terraform.io/terraform-provider-openstack/openstack\"]",
      "instances": [
        {
          "schema_version": 0,
          "attributes": {
            "description": "",
            "direction": "ingress",
            "ethertype": "IPv6",
            "id": "8d860c3f-3ebd-4e74-b05a-0a0ebea23adc",
            "port_range_max": 9100,
            "port_range_min": 9100,
            "protocol": "tcp",
            "region": "RegionOne",
            "remote_group_id": "",
            "remote_ip_prefix": "::/0",
            "security_group_id": "c3193537-22c2-47ef-9392-efd28a1f2581",
            "tenant_id": "4917ed86ffbf4982a05319326f1885f5",
            "timeouts": null
          },
          "sensitive_attributes": [],
          "private": "eyJlMmJmYjczMC1lY2FhLTExZTYtOGY4OC0zNDM2M2JjN2M0YzAiOnsiZGVsZXRlIjo2MDAwMDAwMDAwMDB9fQ==",
          "dependencies": [
            "module.slurm_cluster.openstack_networking_secgroup_v2.prometheus_node_exporter"
          ]
        }
      ]
    },
    {
      "module": "module.slurm_cluster",
      "mode": "managed",
      "type": "openstack_networking_secgroup_rule_v2",
      "name": "slurm_compute_icmp_rule",
      "provider": "provider[\"registry.terraform.io/terraform-provider-openstack/openstack\"]",
      "instances": [
        {
          "schema_version": 0,
          "attributes": {
            "description": "",
            "direction": "ingress",
            "ethertype": "IPv4",
            "id": "31153875-a314-433f-8f99-a71737bc3dc4",
            "port_range_max": 0,
            "port_range_min": 0,
            "protocol": "icmp",
            "region": "RegionOne",
            "remote_group_id": "",
            "remote_ip_prefix": "0.0.0.0/0",
            "security_group_id": "22705b84-3693-49be-b81b-365063c171ec",
            "tenant_id": "4917ed86ffbf4982a05319326f1885f5",
            "timeouts": null
          },
          "sensitive_attributes": [],
          "private": "eyJlMmJmYjczMC1lY2FhLTExZTYtOGY4OC0zNDM2M2JjN2M0YzAiOnsiZGVsZXRlIjo2MDAwMDAwMDAwMDB9fQ==",
          "dependencies": [
            "module.slurm_cluster.openstack_networking_secgroup_v2.slurm_compute"
          ]
        }
      ]
    },
    {
      "module": "module.slurm_cluster",
      "mode": "managed",
      "type": "openstack_networking_secgroup_rule_v2",
      "name": "slurm_compute_tcp_rule",
      "provider": "provider[\"registry.terraform.io/terraform-provider-openstack/openstack\"]",
      "instances": [
        {
          "schema_version": 0,
          "attributes": {
            "description": "",
            "direction": "ingress",
            "ethertype": "IPv4",
            "id": "626c98e6-f912-4cb7-ae23-087558617f3f",
            "port_range_max": 0,
            "port_range_min": 0,
            "protocol": "tcp",
            "region": "RegionOne",
            "remote_group_id": "",
            "remote_ip_prefix": "0.0.0.0/0",
            "security_group_id": "22705b84-3693-49be-b81b-365063c171ec",
            "tenant_id": "4917ed86ffbf4982a05319326f1885f5",
            "timeouts": null
          },
          "sensitive_attributes": [],
          "private": "eyJlMmJmYjczMC1lY2FhLTExZTYtOGY4OC0zNDM2M2JjN2M0YzAiOnsiZGVsZXRlIjo2MDAwMDAwMDAwMDB9fQ==",
          "dependencies": [
            "module.slurm_cluster.openstack_networking_secgroup_v2.slurm_compute"
          ]
        }
      ]
    },
    {
      "module": "module.slurm_cluster",
      "mode": "managed",
      "type": "openstack_networking_secgroup_rule_v2",
      "name": "slurm_master_clurmctld",
      "provider": "provider[\"registry.terraform.io/terraform-provider-openstack/openstack\"]",
      "instances": [
        {
          "schema_version": 0,
          "attributes": {
            "description": "",
            "direction": "ingress",
            "ethertype": "IPv4",
            "id": "389a30d1-62a8-426b-9abc-ac4746bce6c1",
            "port_range_max": 6817,
            "port_range_min": 6817,
            "protocol": "tcp",
            "region": "RegionOne",
            "remote_group_id": "",
            "remote_ip_prefix": "0.0.0.0/0",
            "security_group_id": "872f55cb-8814-42b6-bbff-b73102a0927a",
            "tenant_id": "4917ed86ffbf4982a05319326f1885f5",
            "timeouts": null
          },
          "sensitive_attributes": [],
          "private": "eyJlMmJmYjczMC1lY2FhLTExZTYtOGY4OC0zNDM2M2JjN2M0YzAiOnsiZGVsZXRlIjo2MDAwMDAwMDAwMDB9fQ==",
          "dependencies": [
            "module.slurm_cluster.openstack_networking_secgroup_v2.slurm_master"
          ]
        }
      ]
    },
    {
      "module": "module.slurm_cluster",
      "mode": "managed",
      "type": "openstack_networking_secgroup_rule_v2",
      "name": "slurm_master_icmp",
      "provider": "provider[\"registry.terraform.io/terraform-provider-openstack/openstack\"]",
      "instances": [
        {
          "schema_version": 0,
          "attributes": {
            "description": "",
            "direction": "ingress",
            "ethertype": "IPv4",
            "id": "9c892f39-9a08-4fdb-b9a1-6c63273816b9",
            "port_range_max": 0,
            "port_range_min": 0,
            "protocol": "icmp",
            "region": "RegionOne",
            "remote_group_id": "",
            "remote_ip_prefix": "0.0.0.0/0",
            "security_group_id": "872f55cb-8814-42b6-bbff-b73102a0927a",
            "tenant_id": "4917ed86ffbf4982a05319326f1885f5",
            "timeouts": null
          },
          "sensitive_attributes": [],
          "private": "eyJlMmJmYjczMC1lY2FhLTExZTYtOGY4OC0zNDM2M2JjN2M0YzAiOnsiZGVsZXRlIjo2MDAwMDAwMDAwMDB9fQ==",
          "dependencies": [
            "module.slurm_cluster.openstack_networking_secgroup_v2.slurm_master"
          ]
        }
      ]
    },
    {
      "module": "module.slurm_cluster",
      "mode": "managed",
      "type": "openstack_networking_secgroup_rule_v2",
      "name": "slurm_master_mysql",
      "provider": "provider[\"registry.terraform.io/terraform-provider-openstack/openstack\"]",
      "instances": [
        {
          "schema_version": 0,
          "attributes": {
            "description": "",
            "direction": "ingress",
            "ethertype": "IPv4",
            "id": "e0fa204e-aff2-413a-bf11-9c2bc6b7dbfc",
            "port_range_max": 3306,
            "port_range_min": 3306,
            "protocol": "tcp",
            "region": "RegionOne",
            "remote_group_id": "",
            "remote_ip_prefix": "0.0.0.0/0",
            "security_group_id": "872f55cb-8814-42b6-bbff-b73102a0927a",
            "tenant_id": "4917ed86ffbf4982a05319326f1885f5",
            "timeouts": null
          },
          "sensitive_attributes": [],
          "private": "eyJlMmJmYjczMC1lY2FhLTExZTYtOGY4OC0zNDM2M2JjN2M0YzAiOnsiZGVsZXRlIjo2MDAwMDAwMDAwMDB9fQ==",
          "dependencies": [
            "module.slurm_cluster.openstack_networking_secgroup_v2.slurm_master"
          ]
        }
      ]
    },
    {
      "module": "module.slurm_cluster",
      "mode": "managed",
      "type": "openstack_networking_secgroup_rule_v2",
      "name": "slurm_master_slurmbd",
      "provider": "provider[\"registry.terraform.io/terraform-provider-openstack/openstack\"]",
      "instances": [
        {
          "schema_version": 0,
          "attributes": {
            "description": "",
            "direction": "ingress",
            "ethertype": "IPv4",
            "id": "c259e37b-7ad2-4416-9878-2d61c6c8c685",
            "port_range_max": 6819,
            "port_range_min": 6819,
            "protocol": "tcp",
            "region": "RegionOne",
            "remote_group_id": "",
            "remote_ip_prefix": "0.0.0.0/0",
            "security_group_id": "872f55cb-8814-42b6-bbff-b73102a0927a",
            "tenant_id": "4917ed86ffbf4982a05319326f1885f5",
            "timeouts": null
          },
          "sensitive_attributes": [],
          "private": "eyJlMmJmYjczMC1lY2FhLTExZTYtOGY4OC0zNDM2M2JjN2M0YzAiOnsiZGVsZXRlIjo2MDAwMDAwMDAwMDB9fQ==",
          "dependencies": [
            "module.slurm_cluster.openstack_networking_secgroup_v2.slurm_master"
          ]
        }
      ]
    },
    {
      "module": "module.slurm_cluster",
      "mode": "managed",
      "type": "openstack_networking_secgroup_rule_v2",
      "name": "slurm_master_ssh",
      "provider": "provider[\"registry.terraform.io/terraform-provider-openstack/openstack\"]",
      "instances": [
        {
          "schema_version": 0,
          "attributes": {
            "description": "",
            "direction": "ingress",
            "ethertype": "IPv4",
            "id": "01d96159-d5ba-4164-bb53-730ee1b2851b",
            "port_range_max": 22,
            "port_range_min": 22,
            "protocol": "tcp",
            "region": "RegionOne",
            "remote_group_id": "",
            "remote_ip_prefix": "0.0.0.0/0",
            "security_group_id": "872f55cb-8814-42b6-bbff-b73102a0927a",
            "tenant_id": "4917ed86ffbf4982a05319326f1885f5",
            "timeouts": null
          },
          "sensitive_attributes": [],
          "private": "eyJlMmJmYjczMC1lY2FhLTExZTYtOGY4OC0zNDM2M2JjN2M0YzAiOnsiZGVsZXRlIjo2MDAwMDAwMDAwMDB9fQ==",
          "dependencies": [
            "module.slurm_cluster.openstack_networking_secgroup_v2.slurm_master"
          ]
        }
      ]
    },
    {
      "module": "module.slurm_cluster",
      "mode": "managed",
      "type": "openstack_networking_secgroup_rule_v2",
      "name": "vault_ipv4_rule",
      "provider": "provider[\"registry.terraform.io/terraform-provider-openstack/openstack\"]",
      "instances": [
        {
          "schema_version": 0,
          "attributes": {
            "description": "",
            "direction": "ingress",
            "ethertype": "IPv4",
            "id": "955048e5-6c4d-43ff-8a5f-0408932193fd",
            "port_range_max": 8200,
            "port_range_min": 8200,
            "protocol": "tcp",
            "region": "RegionOne",
            "remote_group_id": "",
            "remote_ip_prefix": "0.0.0.0/0",
            "security_group_id": "e76108b7-a844-4f76-a194-b983ba19c9b4",
            "tenant_id": "4917ed86ffbf4982a05319326f1885f5",
            "timeouts": null
          },
          "sensitive_attributes": [],
          "private": "eyJlMmJmYjczMC1lY2FhLTExZTYtOGY4OC0zNDM2M2JjN2M0YzAiOnsiZGVsZXRlIjo2MDAwMDAwMDAwMDB9fQ==",
          "dependencies": [
            "module.slurm_cluster.openstack_networking_secgroup_v2.vault"
          ]
        }
      ]
    },
    {
      "module": "module.slurm_cluster",
      "mode": "managed",
      "type": "openstack_networking_secgroup_rule_v2",
      "name": "vault_ipv6_rule",
      "provider": "provider[\"registry.terraform.io/terraform-provider-openstack/openstack\"]",
      "instances": [
        {
          "schema_version": 0,
          "attributes": {
            "description": "",
            "direction": "ingress",
            "ethertype": "IPv6",
            "id": "fa138076-371f-44be-8d24-200b79ea42ad",
            "port_range_max": 8200,
            "port_range_min": 8200,
            "protocol": "tcp",
            "region": "RegionOne",
            "remote_group_id": "",
            "remote_ip_prefix": "::/0",
            "security_group_id": "e76108b7-a844-4f76-a194-b983ba19c9b4",
            "tenant_id": "4917ed86ffbf4982a05319326f1885f5",
            "timeouts": null
          },
          "sensitive_attributes": [],
          "private": "eyJlMmJmYjczMC1lY2FhLTExZTYtOGY4OC0zNDM2M2JjN2M0YzAiOnsiZGVsZXRlIjo2MDAwMDAwMDAwMDB9fQ==",
          "dependencies": [
            "module.slurm_cluster.openstack_networking_secgroup_v2.vault"
          ]
        }
      ]
    },
    {
      "module": "module.slurm_cluster",
      "mode": "managed",
      "type": "openstack_networking_secgroup_v2",
      "name": "beegfs",
      "provider": "provider[\"registry.terraform.io/terraform-provider-openstack/openstack\"]",
      "instances": [
        {
          "schema_version": 0,
          "attributes": {
            "all_tags": [],
            "delete_default_rules": null,
            "description": "Open ports for beegfs services",
            "id": "5261765b-d439-40a7-9ae9-da6626054445",
            "name": "beegfs",
            "region": "RegionOne",
            "tags": null,
            "tenant_id": "4917ed86ffbf4982a05319326f1885f5",
            "timeouts": null
          },
          "sensitive_attributes": [],
          "private": "eyJlMmJmYjczMC1lY2FhLTExZTYtOGY4OC0zNDM2M2JjN2M0YzAiOnsiZGVsZXRlIjo2MDAwMDAwMDAwMDB9fQ=="
        }
      ]
    },
    {
      "module": "module.slurm_cluster",
      "mode": "managed",
      "type": "openstack_networking_secgroup_v2",
      "name": "external_access",
      "provider": "provider[\"registry.terraform.io/terraform-provider-openstack/openstack\"]",
      "instances": [
        {
          "schema_version": 0,
          "attributes": {
            "all_tags": [],
            "delete_default_rules": null,
            "description": "Allow external access",
            "id": "9ffc89b4-a832-4156-a441-e1e9bab3b0e8",
            "name": "external_access",
            "region": "RegionOne",
            "tags": null,
            "tenant_id": "4917ed86ffbf4982a05319326f1885f5",
            "timeouts": null
          },
          "sensitive_attributes": [],
          "private": "eyJlMmJmYjczMC1lY2FhLTExZTYtOGY4OC0zNDM2M2JjN2M0YzAiOnsiZGVsZXRlIjo2MDAwMDAwMDAwMDB9fQ=="
        }
      ]
    },
    {
      "module": "module.slurm_cluster",
      "mode": "managed",
      "type": "openstack_networking_secgroup_v2",
      "name": "grafana",
      "provider": "provider[\"registry.terraform.io/terraform-provider-openstack/openstack\"]",
      "instances": [
        {
          "schema_version": 0,
          "attributes": {
            "all_tags": [],
            "delete_default_rules": null,
            "description": "Enable access to grafana on port 3000",
            "id": "04644fe0-8a6a-4e06-bfa8-5a72a22a62df",
            "name": "grafana",
            "region": "RegionOne",
            "tags": null,
            "tenant_id": "4917ed86ffbf4982a05319326f1885f5",
            "timeouts": null
          },
          "sensitive_attributes": [],
          "private": "eyJlMmJmYjczMC1lY2FhLTExZTYtOGY4OC0zNDM2M2JjN2M0YzAiOnsiZGVsZXRlIjo2MDAwMDAwMDAwMDB9fQ=="
        }
      ]
    },
    {
      "module": "module.slurm_cluster",
      "mode": "managed",
      "type": "openstack_networking_secgroup_v2",
      "name": "nginx",
      "provider": "provider[\"registry.terraform.io/terraform-provider-openstack/openstack\"]",
      "instances": [
        {
          "schema_version": 0,
          "attributes": {
            "all_tags": [],
            "delete_default_rules": null,
            "description": "Open ports 80 (HTTP) and 443 (HTTPS)",
            "id": "bcf1e66d-d519-4e0b-94cf-f51d4b0ac609",
            "name": "nginx",
            "region": "RegionOne",
            "tags": null,
            "tenant_id": "4917ed86ffbf4982a05319326f1885f5",
            "timeouts": null
          },
          "sensitive_attributes": [],
          "private": "eyJlMmJmYjczMC1lY2FhLTExZTYtOGY4OC0zNDM2M2JjN2M0YzAiOnsiZGVsZXRlIjo2MDAwMDAwMDAwMDB9fQ=="
        }
      ]
    },
    {
      "module": "module.slurm_cluster",
      "mode": "managed",
      "type": "openstack_networking_secgroup_v2",
      "name": "prometheus",
      "provider": "provider[\"registry.terraform.io/terraform-provider-openstack/openstack\"]",
      "instances": [
        {
          "schema_version": 0,
          "attributes": {
            "all_tags": [],
            "delete_default_rules": null,
            "description": "",
            "id": "84deb59d-6582-470f-9e91-99dcd4906729",
            "name": "prometheus",
            "region": "RegionOne",
            "tags": null,
            "tenant_id": "4917ed86ffbf4982a05319326f1885f5",
            "timeouts": null
          },
          "sensitive_attributes": [],
          "private": "eyJlMmJmYjczMC1lY2FhLTExZTYtOGY4OC0zNDM2M2JjN2M0YzAiOnsiZGVsZXRlIjo2MDAwMDAwMDAwMDB9fQ=="
        }
      ]
    },
    {
      "module": "module.slurm_cluster",
      "mode": "managed",
      "type": "openstack_networking_secgroup_v2",
      "name": "prometheus_node_exporter",
      "provider": "provider[\"registry.terraform.io/terraform-provider-openstack/openstack\"]",
      "instances": [
        {
          "schema_version": 0,
          "attributes": {
            "all_tags": [],
            "delete_default_rules": null,
            "description": "Open port 9100 for prometheus node exporter",
            "id": "c3193537-22c2-47ef-9392-efd28a1f2581",
            "name": "prometheus_node_exporter",
            "region": "RegionOne",
            "tags": null,
            "tenant_id": "4917ed86ffbf4982a05319326f1885f5",
            "timeouts": null
          },
          "sensitive_attributes": [],
          "private": "eyJlMmJmYjczMC1lY2FhLTExZTYtOGY4OC0zNDM2M2JjN2M0YzAiOnsiZGVsZXRlIjo2MDAwMDAwMDAwMDB9fQ=="
        }
      ]
    },
    {
      "module": "module.slurm_cluster",
      "mode": "managed",
      "type": "openstack_networking_secgroup_v2",
      "name": "slurm_compute",
      "provider": "provider[\"registry.terraform.io/terraform-provider-openstack/openstack\"]",
      "instances": [
        {
          "schema_version": 0,
          "attributes": {
            "all_tags": [],
            "delete_default_rules": null,
            "description": "",
            "id": "22705b84-3693-49be-b81b-365063c171ec",
            "name": "slurm_compute",
            "region": "RegionOne",
            "tags": null,
            "tenant_id": "4917ed86ffbf4982a05319326f1885f5",
            "timeouts": null
          },
          "sensitive_attributes": [],
          "private": "eyJlMmJmYjczMC1lY2FhLTExZTYtOGY4OC0zNDM2M2JjN2M0YzAiOnsiZGVsZXRlIjo2MDAwMDAwMDAwMDB9fQ=="
        }
      ]
    },
    {
      "module": "module.slurm_cluster",
      "mode": "managed",
      "type": "openstack_networking_secgroup_v2",
      "name": "slurm_master",
      "provider": "provider[\"registry.terraform.io/terraform-provider-openstack/openstack\"]",
      "instances": [
        {
          "schema_version": 0,
          "attributes": {
            "all_tags": [],
            "delete_default_rules": null,
            "description": "",
            "id": "872f55cb-8814-42b6-bbff-b73102a0927a",
            "name": "slurm_master",
            "region": "RegionOne",
            "tags": null,
            "tenant_id": "4917ed86ffbf4982a05319326f1885f5",
            "timeouts": null
          },
          "sensitive_attributes": [],
          "private": "eyJlMmJmYjczMC1lY2FhLTExZTYtOGY4OC0zNDM2M2JjN2M0YzAiOnsiZGVsZXRlIjo2MDAwMDAwMDAwMDB9fQ=="
        }
      ]
    },
    {
      "module": "module.slurm_cluster",
      "mode": "managed",
      "type": "openstack_networking_secgroup_v2",
      "name": "vault",
      "provider": "provider[\"registry.terraform.io/terraform-provider-openstack/openstack\"]",
      "instances": [
        {
          "schema_version": 0,
          "attributes": {
            "all_tags": [],
            "delete_default_rules": null,
            "description": "",
            "id": "e76108b7-a844-4f76-a194-b983ba19c9b4",
            "name": "vault",
            "region": "RegionOne",
            "tags": null,
            "tenant_id": "4917ed86ffbf4982a05319326f1885f5",
            "timeouts": null
          },
          "sensitive_attributes": [],
          "private": "eyJlMmJmYjczMC1lY2FhLTExZTYtOGY4OC0zNDM2M2JjN2M0YzAiOnsiZGVsZXRlIjo2MDAwMDAwMDAwMDB9fQ=="
        }
      ]
    },
    {
      "module": "module.slurm_cluster",
      "mode": "managed",
      "type": "openstack_networking_subnet_v2",
      "name": "slurm_subnet",
      "provider": "provider[\"registry.terraform.io/terraform-provider-openstack/openstack\"]",
      "instances": [
        {
          "schema_version": 0,
          "attributes": {
            "all_tags": [],
            "allocation_pool": [
              {
                "end": "192.168.155.254",
                "start": "192.168.155.2"
              }
            ],
            "allocation_pools": [
              {
                "end": "192.168.155.254",
                "start": "192.168.155.2"
              }
            ],
            "cidr": "192.168.155.0/24",
            "description": "",
            "dns_nameservers": null,
            "enable_dhcp": true,
            "gateway_ip": "192.168.155.1",
            "host_routes": [],
            "id": "f2760af1-453e-4d4b-a54f-ba89b03300dd",
            "ip_version": 4,
            "ipv6_address_mode": "",
            "ipv6_ra_mode": "",
            "name": "",
            "network_id": "11ecd2c0-3683-481c-8065-5eafe2c565e1",
            "no_gateway": false,
            "prefix_length": null,
            "region": "RegionOne",
            "service_types": [],
            "subnetpool_id": "",
            "tags": null,
            "tenant_id": "4917ed86ffbf4982a05319326f1885f5",
            "timeouts": null,
            "value_specs": null
          },
          "sensitive_attributes": [],
          "private": "eyJlMmJmYjczMC1lY2FhLTExZTYtOGY4OC0zNDM2M2JjN2M0YzAiOnsiY3JlYXRlIjo2MDAwMDAwMDAwMDAsImRlbGV0ZSI6NjAwMDAwMDAwMDAwfX0=",
          "dependencies": [
            "module.slurm_cluster.openstack_networking_network_v2.slurm_net"
          ]
        }
      ]
    }
  ],
  "check_results": null
}
